{
  "object": {
    "pins": [
      {
        "package": "GoogleDataTransport",
        "repositoryURL": "https://github.com/google/GoogleDataTransport.git",
        "state": {
          "branch": null,
          "revision": "5056b15c5acbb90cd214fe4d6138bdf5a740e5a8",
          "version": "9.2.0"
        }
      },
      {
        "package": "GoogleUtilities",
        "repositoryURL": "https://github.com/google/GoogleUtilities.git",
        "state": {
          "branch": null,
          "revision": "0543562f85620b5b7c510c6bcbef75b562a5127b",
          "version": "7.11.0"
        }
      },
      {
        "package": "GTMSessionFetcher",
        "repositoryURL": "https://github.com/google/gtm-session-fetcher.git",
        "state": {
          "branch": null,
          "revision": "96d7cc73a71ce950723aa3c50ce4fb275ae180b8",
          "version": "3.1.0"
        }
      },
      {
        "package": "nanopb",
        "repositoryURL": "https://github.com/firebase/nanopb.git",
        "state": {
          "branch": null,
          "revision": "819d0a2173aff699fb8c364b6fb906f7cdb1a692",
          "version": "2.30909.0"
        }
      },
      {
        "package": "Promises",
        "repositoryURL": "https://github.com/google/promises.git",
        "state": {
          "branch": null,
          "revision": "3e4e743631e86c8c70dbc6efdc7beaa6e90fd3bb",
          "version": "2.1.1"
        }
      }
    ]
  },
  "version": 1
}
